
Microsoft Visual Studio Solution File, Format Version 12.00
# Visual Studio Version 16
VisualStudioVersion = 16.0.29806.167
MinimumVisualStudioVersion = 10.0.40219.1
Project("{FAE04EC0-301F-11D3-BF4B-00C04F79EFBC}") = "Dnc.Domain", "Dnc.Domain\Dnc.Domain.csproj", "{CF5C2696-AD7A-4D3B-9FAD-81060AE46681}"
EndProject
Project("{FAE04EC0-301F-11D3-BF4B-00C04F79EFBC}") = "Dnc.Domain.Shared", "Dnc.Domain.Shared\Dnc.Domain.Shared.csproj", "{49AE210B-4104-4338-BCD8-0E8517821338}"
EndProject
Project("{FAE04EC0-301F-11D3-BF4B-00C04F79EFBC}") = "Dnc.Application.Contracts", "Dnc.Application.Contracts\Dnc.Application.Contracts.csproj", "{A0B6B41A-F981-4623-AE55-D5057F831FF5}"
EndProject
Project("{FAE04EC0-301F-11D3-BF4B-00C04F79EFBC}") = "Dnc.Application", "Dnc.Application\Dnc.Application.csproj", "{4C0A1C3D-C6DF-488F-8F47-6BFE9D9F178E}"
EndProject
Project("{FAE04EC0-301F-11D3-BF4B-00C04F79EFBC}") = "DncHost", "DncHost\DncHost.csproj", "{B9306EBC-B238-44AB-AA62-DAF342138C53}"
EndProject
Global
	GlobalSection(SolutionConfigurationPlatforms) = preSolution
		Debug|Any CPU = Debug|Any CPU
		Release|Any CPU = Release|Any CPU
	EndGlobalSection
	GlobalSection(ProjectConfigurationPlatforms) = postSolution
		{CF5C2696-AD7A-4D3B-9FAD-81060AE46681}.Debug|Any CPU.ActiveCfg = Debug|Any CPU
		{CF5C2696-AD7A-4D3B-9FAD-81060AE46681}.Debug|Any CPU.Build.0 = Debug|Any CPU
		{CF5C2696-AD7A-4D3B-9FAD-81060AE46681}.Release|Any CPU.ActiveCfg = Release|Any CPU
		{CF5C2696-AD7A-4D3B-9FAD-81060AE46681}.Release|Any CPU.Build.0 = Release|Any CPU
		{49AE210B-4104-4338-BCD8-0E8517821338}.Debug|Any CPU.ActiveCfg = Debug|Any CPU
		{49AE210B-4104-4338-BCD8-0E8517821338}.Debug|Any CPU.Build.0 = Debug|Any CPU
		{49AE210B-4104-4338-BCD8-0E8517821338}.Release|Any CPU.ActiveCfg = Release|Any CPU
		{49AE210B-4104-4338-BCD8-0E8517821338}.Release|Any CPU.Build.0 = Release|Any CPU
		{A0B6B41A-F981-4623-AE55-D5057F831FF5}.Debug|Any CPU.ActiveCfg = Debug|Any CPU
		{A0B6B41A-F981-4623-AE55-D5057F831FF5}.Debug|Any CPU.Build.0 = Debug|Any CPU
		{A0B6B41A-F981-4623-AE55-D5057F831FF5}.Release|Any CPU.ActiveCfg = Release|Any CPU
		{A0B6B41A-F981-4623-AE55-D5057F831FF5}.Release|Any CPU.Build.0 = Release|Any CPU
		{4C0A1C3D-C6DF-488F-8F47-6BFE9D9F178E}.Debug|Any CPU.ActiveCfg = Debug|Any CPU
		{4C0A1C3D-C6DF-488F-8F47-6BFE9D9F178E}.Debug|Any CPU.Build.0 = Debug|Any CPU
		{4C0A1C3D-C6DF-488F-8F47-6BFE9D9F178E}.Release|Any CPU.ActiveCfg = Release|Any CPU
		{4C0A1C3D-C6DF-488F-8F47-6BFE9D9F178E}.Release|Any CPU.Build.0 = Release|Any CPU
		{B9306EBC-B238-44AB-AA62-DAF342138C53}.Debug|Any CPU.ActiveCfg = Debug|Any CPU
		{B9306EBC-B238-44AB-AA62-DAF342138C53}.Debug|Any CPU.Build.0 = Debug|Any CPU
		{B9306EBC-B238-44AB-AA62-DAF342138C53}.Release|Any CPU.ActiveCfg = Release|Any CPU
		{B9306EBC-B238-44AB-AA62-DAF342138C53}.Release|Any CPU.Build.0 = Release|Any CPU
	EndGlobalSection
	GlobalSection(SolutionProperties) = preSolution
		HideSolutionNode = FALSE
	EndGlobalSection
	GlobalSection(ExtensibilityGlobals) = postSolution
		SolutionGuid = {CB96B353-78A3-4C94-9A20-8164EF9E0F1C}
	EndGlobalSection
EndGlobal
